// !$*UTF8*$!
{
	archiveVersion = 1;
	classes = {
	};
	objectVersion = 56;
	objects = {

/* Begin PBXBuildFile section */
		7F0A63062B77A2A5007DACAA /* globe.png in Resources */ = {isa = PBXBuildFile; fileRef = 7F0A63052B77A2A5007DACAA /* globe.png */; };
		7F0A63082B77A2B7007DACAA /* stars.jpeg in Resources */ = {isa = PBXBuildFile; fileRef = 7F0A63072B77A2B6007DACAA /* stars.jpeg */; };
		7F0A630A2B77A2C5007DACAA /* ColorMap.png in Resources */ = {isa = PBXBuildFile; fileRef = 7F0A63092B77A2C5007DACAA /* ColorMap.png */; };
		7F878A392B82A94400956925 /* Planetorium.metal in Sources */ = {isa = PBXBuildFile; fileRef = 7F878A382B82A94400956925 /* Planetorium.metal */; };
		7F878A3B2B82B8D600956925 /* archive.metal in Sources */ = {isa = PBXBuildFile; fileRef = 7F878A3A2B82B8D600956925 /* archive.metal */; };
		7F878A3D2B82CD4800956925 /* FlyingEarth.metal in Sources */ = {isa = PBXBuildFile; fileRef = 7F878A3C2B82CD4800956925 /* FlyingEarth.metal */; };
		7FC497752AE9719700667A87 /* RealityKitContent in Frameworks */ = {isa = PBXBuildFile; productRef = 7FC497742AE9719700667A87 /* RealityKitContent */; };
		7FC497772AE9719700667A87 /* Space_TimeApp.swift in Sources */ = {isa = PBXBuildFile; fileRef = 7FC497762AE9719700667A87 /* Space_TimeApp.swift */; };
		7FC497792AE9719700667A87 /* ContentView.swift in Sources */ = {isa = PBXBuildFile; fileRef = 7FC497782AE9719700667A87 /* ContentView.swift */; };
		7FC4977B2AE9719700667A87 /* Renderer.swift in Sources */ = {isa = PBXBuildFile; fileRef = 7FC4977A2AE9719700667A87 /* Renderer.swift */; };
		7FC4977D2AE9719700667A87 /* Shaders.metal in Sources */ = {isa = PBXBuildFile; fileRef = 7FC4977C2AE9719700667A87 /* Shaders.metal */; };
		7FC497812AE9719700667A87 /* Preview Assets.xcassets in Resources */ = {isa = PBXBuildFile; fileRef = 7FC497802AE9719700667A87 /* Preview Assets.xcassets */; };
		7FC497832AE9719800667A87 /* Assets.xcassets in Resources */ = {isa = PBXBuildFile; fileRef = 7FC497822AE9719800667A87 /* Assets.xcassets */; };
/* End PBXBuildFile section */

/* Begin PBXFileReference section */
		7F0A63052B77A2A5007DACAA /* globe.png */ = {isa = PBXFileReference; lastKnownFileType = image.png; path = globe.png; sourceTree = "<group>"; };
		7F0A63072B77A2B6007DACAA /* stars.jpeg */ = {isa = PBXFileReference; lastKnownFileType = image.jpeg; path = stars.jpeg; sourceTree = "<group>"; };
		7F0A63092B77A2C5007DACAA /* ColorMap.png */ = {isa = PBXFileReference; lastKnownFileType = image.png; path = ColorMap.png; sourceTree = "<group>"; };
		7F878A382B82A94400956925 /* Planetorium.metal */ = {isa = PBXFileReference; lastKnownFileType = sourcecode.metal; path = Planetorium.metal; sourceTree = "<group>"; };
		7F878A3A2B82B8D600956925 /* archive.metal */ = {isa = PBXFileReference; lastKnownFileType = sourcecode.metal; path = archive.metal; sourceTree = "<group>"; };
		7F878A3C2B82CD4800956925 /* FlyingEarth.metal */ = {isa = PBXFileReference; lastKnownFileType = sourcecode.metal; path = FlyingEarth.metal; sourceTree = "<group>"; };
		7FC4976F2AE9719700667A87 /* Space Time.app */ = {isa = PBXFileReference; explicitFileType = wrapper.application; includeInIndex = 0; path = "Space Time.app"; sourceTree = BUILT_PRODUCTS_DIR; };
		7FC497732AE9719700667A87 /* RealityKitContent */ = {isa = PBXFileReference; lastKnownFileType = wrapper; path = RealityKitContent; sourceTree = "<group>"; };
		7FC497762AE9719700667A87 /* Space_TimeApp.swift */ = {isa = PBXFileReference; lastKnownFileType = sourcecode.swift; path = Space_TimeApp.swift; sourceTree = "<group>"; };
		7FC497782AE9719700667A87 /* ContentView.swift */ = {isa = PBXFileReference; lastKnownFileType = sourcecode.swift; path = ContentView.swift; sourceTree = "<group>"; };
		7FC4977A2AE9719700667A87 /* Renderer.swift */ = {isa = PBXFileReference; lastKnownFileType = sourcecode.swift; path = Renderer.swift; sourceTree = "<group>"; };
		7FC4977C2AE9719700667A87 /* Shaders.metal */ = {isa = PBXFileReference; lastKnownFileType = sourcecode.metal; path = Shaders.metal; sourceTree = "<group>"; };
		7FC4977E2AE9719700667A87 /* ShaderTypes.h */ = {isa = PBXFileReference; lastKnownFileType = sourcecode.c.h; path = ShaderTypes.h; sourceTree = "<group>"; };
		7FC497802AE9719700667A87 /* Preview Assets.xcassets */ = {isa = PBXFileReference; lastKnownFileType = folder.assetcatalog; path = "Preview Assets.xcassets"; sourceTree = "<group>"; };
		7FC497822AE9719800667A87 /* Assets.xcassets */ = {isa = PBXFileReference; lastKnownFileType = folder.assetcatalog; path = Assets.xcassets; sourceTree = "<group>"; };
		7FC497842AE9719800667A87 /* Info.plist */ = {isa = PBXFileReference; lastKnownFileType = text.plist.xml; path = Info.plist; sourceTree = "<group>"; };
/* End PBXFileReference section */

/* Begin PBXFrameworksBuildPhase section */
		7FC4976C2AE9719700667A87 /* Frameworks */ = {
			isa = PBXFrameworksBuildPhase;
			buildActionMask = 2147483647;
			files = (
				7FC497752AE9719700667A87 /* RealityKitContent in Frameworks */,
			);
			runOnlyForDeploymentPostprocessing = 0;
		};
/* End PBXFrameworksBuildPhase section */

/* Begin PBXGroup section */
		7FC497662AE9719700667A87 = {
			isa = PBXGroup;
			children = (
				7FC497712AE9719700667A87 /* Space Time */,
				7FC497722AE9719700667A87 /* Packages */,
				7FC497702AE9719700667A87 /* Products */,
			);
			sourceTree = "<group>";
		};
		7FC497702AE9719700667A87 /* Products */ = {
			isa = PBXGroup;
			children = (
				7FC4976F2AE9719700667A87 /* Space Time.app */,
			);
			name = Products;
			sourceTree = "<group>";
		};
		7FC497712AE9719700667A87 /* Space Time */ = {
			isa = PBXGroup;
			children = (
				7FC497762AE9719700667A87 /* Space_TimeApp.swift */,
				7FC497782AE9719700667A87 /* ContentView.swift */,
				7FC4977A2AE9719700667A87 /* Renderer.swift */,
				7FC4977C2AE9719700667A87 /* Shaders.metal */,
				7FC4977E2AE9719700667A87 /* ShaderTypes.h */,
				7F878A382B82A94400956925 /* Planetorium.metal */,
				7F878A3C2B82CD4800956925 /* FlyingEarth.metal */,
				7F878A3A2B82B8D600956925 /* archive.metal */,
				7FC497822AE9719800667A87 /* Assets.xcassets */,
				7F0A63092B77A2C5007DACAA /* ColorMap.png */,
				7F0A63072B77A2B6007DACAA /* stars.jpeg */,
				7F0A63052B77A2A5007DACAA /* globe.png */,
				7FC497842AE9719800667A87 /* Info.plist */,
				7FC4977F2AE9719700667A87 /* Preview Content */,
			);
			path = "Space Time";
			sourceTree = "<group>";
		};
		7FC497722AE9719700667A87 /* Packages */ = {
			isa = PBXGroup;
			children = (
				7FC497732AE9719700667A87 /* RealityKitContent */,
			);
			path = Packages;
			sourceTree = "<group>";
		};
		7FC4977F2AE9719700667A87 /* Preview Content */ = {
			isa = PBXGroup;
			children = (
				7FC497802AE9719700667A87 /* Preview Assets.xcassets */,
			);
			path = "Preview Content";
			sourceTree = "<group>";
		};
/* End PBXGroup section */

/* Begin PBXNativeTarget section */
		7FC4976E2AE9719700667A87 /* Space Time */ = {
			isa = PBXNativeTarget;
			buildConfigurationList = 7FC497872AE9719800667A87 /* Build configuration list for PBXNativeTarget "Space Time" */;
			buildPhases = (
				7FC4976B2AE9719700667A87 /* Sources */,
				7FC4976C2AE9719700667A87 /* Frameworks */,
				7FC4976D2AE9719700667A87 /* Resources */,
			);
			buildRules = (
			);
			dependencies = (
			);
			name = "Space Time";
			packageProductDependencies = (
				7FC497742AE9719700667A87 /* RealityKitContent */,
			);
			productName = "Space Time";
			productReference = 7FC4976F2AE9719700667A87 /* Space Time.app */;
			productType = "com.apple.product-type.application";
		};
/* End PBXNativeTarget section */

/* Begin PBXProject section */
		7FC497672AE9719700667A87 /* Project object */ = {
			isa = PBXProject;
			attributes = {
				BuildIndependentTargetsInParallel = 1;
				LastSwiftUpdateCheck = 1510;
				LastUpgradeCheck = 1510;
				TargetAttributes = {
					7FC4976E2AE9719700667A87 = {
						CreatedOnToolsVersion = 15.1;
					};
				};
			};
			buildConfigurationList = 7FC4976A2AE9719700667A87 /* Build configuration list for PBXProject "Space Time" */;
			compatibilityVersion = "Xcode 14.0";
			developmentRegion = en;
			hasScannedForEncodings = 0;
			knownRegions = (
				en,
				Base,
			);
			mainGroup = 7FC497662AE9719700667A87;
			productRefGroup = 7FC497702AE9719700667A87 /* Products */;
			projectDirPath = "";
			projectRoot = "";
			targets = (
				7FC4976E2AE9719700667A87 /* Space Time */,
			);
		};
/* End PBXProject section */

/* Begin PBXResourcesBuildPhase section */
		7FC4976D2AE9719700667A87 /* Resources */ = {
			isa = PBXResourcesBuildPhase;
			buildActionMask = 2147483647;
			files = (
				7F0A630A2B77A2C5007DACAA /* ColorMap.png in Resources */,
				7F0A63062B77A2A5007DACAA /* globe.png in Resources */,
				7FC497832AE9719800667A87 /* Assets.xcassets in Resources */,
				7FC497812AE9719700667A87 /* Preview Assets.xcassets in Resources */,
				7F0A63082B77A2B7007DACAA /* stars.jpeg in Resources */,
			);
			runOnlyForDeploymentPostprocessing = 0;
		};
/* End PBXResourcesBuildPhase section */

/* Begin PBXSourcesBuildPhase section */
		7FC4976B2AE9719700667A87 /* Sources */ = {
			isa = PBXSourcesBuildPhase;
			buildActionMask = 2147483647;
			files = (
				7F878A3B2B82B8D600956925 /* archive.metal in Sources */,
				7F878A392B82A94400956925 /* Planetorium.metal in Sources */,
				7FC4977D2AE9719700667A87 /* Shaders.metal in Sources */,
				7F878A3D2B82CD4800956925 /* FlyingEarth.metal in Sources */,
				7FC497792AE9719700667A87 /* ContentView.swift in Sources */,
				7FC4977B2AE9719700667A87 /* Renderer.swift in Sources */,
				7FC497772AE9719700667A87 /* Space_TimeApp.swift in Sources */,
			);
			runOnlyForDeploymentPostprocessing = 0;
		};
/* End PBXSourcesBuildPhase section */

/* Begin XCBuildConfiguration section */
		7FC497852AE9719800667A87 /* Debug */ = {
			isa = XCBuildConfiguration;
			buildSettings = {
				ALWAYS_SEARCH_USER_PATHS = NO;
				ASSETCATALOG_COMPILER_GENERATE_SWIFT_ASSET_SYMBOL_EXTENSIONS = YES;
				CLANG_ANALYZER_NONNULL = YES;
				CLANG_ANALYZER_NUMBER_OBJECT_CONVERSION = YES_AGGRESSIVE;
				CLANG_CXX_LANGUAGE_STANDARD = "gnu++20";
				CLANG_ENABLE_MODULES = YES;
				CLANG_ENABLE_OBJC_ARC = YES;
				CLANG_ENABLE_OBJC_WEAK = YES;
				CLANG_WARN_BLOCK_CAPTURE_AUTORELEASING = YES;
				CLANG_WARN_BOOL_CONVERSION = YES;
				CLANG_WARN_COMMA = YES;
				CLANG_WARN_CONSTANT_CONVERSION = YES;
				CLANG_WARN_DEPRECATED_OBJC_IMPLEMENTATIONS = YES;
				CLANG_WARN_DIRECT_OBJC_ISA_USAGE = YES_ERROR;
				CLANG_WARN_DOCUMENTATION_COMMENTS = YES;
				CLANG_WARN_EMPTY_BODY = YES;
				CLANG_WARN_ENUM_CONVERSION = YES;
				CLANG_WARN_INFINITE_RECURSION = YES;
				CLANG_WARN_INT_CONVERSION = YES;
				CLANG_WARN_NON_LITERAL_NULL_CONVERSION = YES;
				CLANG_WARN_OBJC_IMPLICIT_RETAIN_SELF = YES;
				CLANG_WARN_OBJC_LITERAL_CONVERSION = YES;
				CLANG_WARN_OBJC_ROOT_CLASS = YES_ERROR;
				CLANG_WARN_QUOTED_INCLUDE_IN_FRAMEWORK_HEADER = YES;
				CLANG_WARN_RANGE_LOOP_ANALYSIS = YES;
				CLANG_WARN_STRICT_PROTOTYPES = YES;
				CLANG_WARN_SUSPICIOUS_MOVE = YES;
				CLANG_WARN_UNGUARDED_AVAILABILITY = YES_AGGRESSIVE;
				CLANG_WARN_UNREACHABLE_CODE = YES;
				CLANG_WARN__DUPLICATE_METHOD_MATCH = YES;
				COPY_PHASE_STRIP = NO;
				DEBUG_INFORMATION_FORMAT = dwarf;
				ENABLE_STRICT_OBJC_MSGSEND = YES;
				ENABLE_TESTABILITY = YES;
				ENABLE_USER_SCRIPT_SANDBOXING = YES;
				GCC_C_LANGUAGE_STANDARD = gnu17;
				GCC_DYNAMIC_NO_PIC = NO;
				GCC_NO_COMMON_BLOCKS = YES;
				GCC_OPTIMIZATION_LEVEL = 0;
				GCC_PREPROCESSOR_DEFINITIONS = (
					"DEBUG=1",
					"$(inherited)",
				);
				GCC_WARN_64_TO_32_BIT_CONVERSION = YES;
				GCC_WARN_ABOUT_RETURN_TYPE = YES_ERROR;
				GCC_WARN_UNDECLARED_SELECTOR = YES;
				GCC_WARN_UNINITIALIZED_AUTOS = YES_AGGRESSIVE;
				GCC_WARN_UNUSED_FUNCTION = YES;
				GCC_WARN_UNUSED_VARIABLE = YES;
				LOCALIZATION_PREFERS_STRING_CATALOGS = YES;
				MTL_ENABLE_DEBUG_INFO = INCLUDE_SOURCE;
				MTL_FAST_MATH = YES;
				ONLY_ACTIVE_ARCH = YES;
				SDKROOT = xros;
				SWIFT_ACTIVE_COMPILATION_CONDITIONS = "DEBUG $(inherited)";
				SWIFT_OPTIMIZATION_LEVEL = "-Onone";
				XROS_DEPLOYMENT_TARGET = 1.0;
			};
			name = Debug;
		};
		7FC497862AE9719800667A87 /* Release */ = {
			isa = XCBuildConfiguration;
			buildSettings = {
				ALWAYS_SEARCH_USER_PATHS = NO;
				ASSETCATALOG_COMPILER_GENERATE_SWIFT_ASSET_SYMBOL_EXTENSIONS = YES;
				CLANG_ANALYZER_NONNULL = YES;
				CLANG_ANALYZER_NUMBER_OBJECT_CONVERSION = YES_AGGRESSIVE;
				CLANG_CXX_LANGUAGE_STANDARD = "gnu++20";
				CLANG_ENABLE_MODULES = YES;
				CLANG_ENABLE_OBJC_ARC = YES;
				CLANG_ENABLE_OBJC_WEAK = YES;
				CLANG_WARN_BLOCK_CAPTURE_AUTORELEASING = YES;
				CLANG_WARN_BOOL_CONVERSION = YES;
				CLANG_WARN_COMMA = YES;
				CLANG_WARN_CONSTANT_CONVERSION = YES;
				CLANG_WARN_DEPRECATED_OBJC_IMPLEMENTATIONS = YES;
				CLANG_WARN_DIRECT_OBJC_ISA_USAGE = YES_ERROR;
				CLANG_WARN_DOCUMENTATION_COMMENTS = YES;
				CLANG_WARN_EMPTY_BODY = YES;
				CLANG_WARN_ENUM_CONVERSION = YES;
				CLANG_WARN_INFINITE_RECURSION = YES;
				CLANG_WARN_INT_CONVERSION = YES;
				CLANG_WARN_NON_LITERAL_NULL_CONVERSION = YES;
				CLANG_WARN_OBJC_IMPLICIT_RETAIN_SELF = YES;
				CLANG_WARN_OBJC_LITERAL_CONVERSION = YES;
				CLANG_WARN_OBJC_ROOT_CLASS = YES_ERROR;
				CLANG_WARN_QUOTED_INCLUDE_IN_FRAMEWORK_HEADER = YES;
				CLANG_WARN_RANGE_LOOP_ANALYSIS = YES;
				CLANG_WARN_STRICT_PROTOTYPES = YES;
				CLANG_WARN_SUSPICIOUS_MOVE = YES;
				CLANG_WARN_UNGUARDED_AVAILABILITY = YES_AGGRESSIVE;
				CLANG_WARN_UNREACHABLE_CODE = YES;
				CLANG_WARN__DUPLICATE_METHOD_MATCH = YES;
				COPY_PHASE_STRIP = NO;
				DEBUG_INFORMATION_FORMAT = "dwarf-with-dsym";
				ENABLE_NS_ASSERTIONS = NO;
				ENABLE_STRICT_OBJC_MSGSEND = YES;
				ENABLE_USER_SCRIPT_SANDBOXING = YES;
				GCC_C_LANGUAGE_STANDARD = gnu17;
				GCC_NO_COMMON_BLOCKS = YES;
				GCC_WARN_64_TO_32_BIT_CONVERSION = YES;
				GCC_WARN_ABOUT_RETURN_TYPE = YES_ERROR;
				GCC_WARN_UNDECLARED_SELECTOR = YES;
				GCC_WARN_UNINITIALIZED_AUTOS = YES_AGGRESSIVE;
				GCC_WARN_UNUSED_FUNCTION = YES;
				GCC_WARN_UNUSED_VARIABLE = YES;
				LOCALIZATION_PREFERS_STRING_CATALOGS = YES;
				MTL_ENABLE_DEBUG_INFO = NO;
				MTL_FAST_MATH = YES;
				SDKROOT = xros;
				SWIFT_COMPILATION_MODE = wholemodule;
				VALIDATE_PRODUCT = YES;
				XROS_DEPLOYMENT_TARGET = 1.0;
			};
			name = Release;
		};
		7FC497882AE9719800667A87 /* Debug */ = {
			isa = XCBuildConfiguration;
			buildSettings = {
				ASSETCATALOG_COMPILER_APPICON_NAME = AppIcon;
				ASSETCATALOG_COMPILER_GLOBAL_ACCENT_COLOR_NAME = AccentColor;
				CODE_SIGN_STYLE = Automatic;
				CURRENT_PROJECT_VERSION = 1;
				DEVELOPMENT_ASSET_PATHS = "\"Space Time/Preview Content\"";
				ENABLE_PREVIEWS = YES;
				GENERATE_INFOPLIST_FILE = YES;
				INFOPLIST_FILE = "$(TARGET_NAME)/Info.plist";
				LD_RUNPATH_SEARCH_PATHS = (
					"$(inherited)",
					"@executable_path/Frameworks",
				);
				MARKETING_VERSION = 1.0;
				PRODUCT_BUNDLE_IDENTIFIER = "rockheel.Space-Time";
				PRODUCT_NAME = "$(TARGET_NAME)";
				SUPPORTED_PLATFORMS = "xros xrsimulator";
				SWIFT_EMIT_LOC_STRINGS = YES;
				SWIFT_OBJC_BRIDGING_HEADER = "$(TARGET_NAME)/ShaderTypes.h";
				SWIFT_VERSION = 5.0;
				TARGETED_DEVICE_FAMILY = "1,2,7";
			};
			name = Debug;
		};
		7FC497892AE9719800667A87 /* Release */ = {
			isa = XCBuildConfiguration;
			buildSettings = {
				ASSETCATALOG_COMPILER_APPICON_NAME = AppIcon;
				ASSETCATALOG_COMPILER_GLOBAL_ACCENT_COLOR_NAME = AccentColor;
				CODE_SIGN_STYLE = Automatic;
				CURRENT_PROJECT_VERSION = 1;
				DEVELOPMENT_ASSET_PATHS = "\"Space Time/Preview Content\"";
				ENABLE_PREVIEWS = YES;
				GENERATE_INFOPLIST_FILE = YES;
				INFOPLIST_FILE = "$(TARGET_NAME)/Info.plist";
				LD_RUNPATH_SEARCH_PATHS = (
					"$(inherited)",
					"@executable_path/Frameworks",
				);
				MARKETING_VERSION = 1.0;
				PRODUCT_BUNDLE_IDENTIFIER = "rockheel.Space-Time";
				PRODUCT_NAME = "$(TARGET_NAME)";
				SUPPORTED_PLATFORMS = "xros xrsimulator";
				SWIFT_EMIT_LOC_STRINGS = YES;
				SWIFT_OBJC_BRIDGING_HEADER = "$(TARGET_NAME)/ShaderTypes.h";
				SWIFT_VERSION = 5.0;
				TARGETED_DEVICE_FAMILY = "1,2,7";
			};
			name = Release;
		};
/* End XCBuildConfiguration section */

/* Begin XCConfigurationList section */
		7FC4976A2AE9719700667A87 /* Build configuration list for PBXProject "Space Time" */ = {
			isa = XCConfigurationList;
			buildConfigurations = (
				7FC497852AE9719800667A87 /* Debug */,
				7FC497862AE9719800667A87 /* Release */,
			);
			defaultConfigurationIsVisible = 0;
			defaultConfigurationName = Release;
		};
		7FC497872AE9719800667A87 /* Build configuration list for PBXNativeTarget "Space Time" */ = {
			isa = XCConfigurationList;
			buildConfigurations = (
				7FC497882AE9719800667A87 /* Debug */,
				7FC497892AE9719800667A87 /* Release */,
			);
			defaultConfigurationIsVisible = 0;
			defaultConfigurationName = Release;
		};
/* End XCConfigurationList section */

/* Begin XCSwiftPackageProductDependency section */
		7FC497742AE9719700667A87 /* RealityKitContent */ = {
			isa = XCSwiftPackageProductDependency;
			productName = RealityKitContent;
		};
/* End XCSwiftPackageProductDependency section */
	};
	rootObject = 7FC497672AE9719700667A87 /* Project object */;
}
